
Microsoft Visual Studio Solution File, Format Version 12.00
# Visual Studio Version 16
VisualStudioVersion = 16.0.30503.244
MinimumVisualStudioVersion = 10.0.40219.1
Project("{FAE04EC0-301F-11D3-BF4B-00C04F79EFBC}") = "Snake_Ladder_Game", "Snake_Ladder_Game\Snake_Ladder_Game.csproj", "{CFAC763E-D29B-43B1-BCA9-D29A8ACCD3E8}"
EndProject
Global
	GlobalSection(SolutionConfigurationPlatforms) = preSolution
		Debug|Any CPU = Debug|Any CPU
		Release|Any CPU = Release|Any CPU
	EndGlobalSection
	GlobalSection(ProjectConfigurationPlatforms) = postSolution
		{CFAC763E-D29B-43B1-BCA9-D29A8ACCD3E8}.Debug|Any CPU.ActiveCfg = Debug|Any CPU
		{CFAC763E-D29B-43B1-BCA9-D29A8ACCD3E8}.Debug|Any CPU.Build.0 = Debug|Any CPU
		{CFAC763E-D29B-43B1-BCA9-D29A8ACCD3E8}.Release|Any CPU.ActiveCfg = Release|Any CPU
		{CFAC763E-D29B-43B1-BCA9-D29A8ACCD3E8}.Release|Any CPU.Build.0 = Release|Any CPU
	EndGlobalSection
	GlobalSection(SolutionProperties) = preSolution
		HideSolutionNode = FALSE
	EndGlobalSection
	GlobalSection(ExtensibilityGlobals) = postSolution
		SolutionGuid = {822CC71A-F9BE-4F25-B8DE-3A8BE6FC3660}
	EndGlobalSection
EndGlobal
